// !$*UTF8*$!
{
	archiveVersion = 1;
	classes = {
	};
	objectVersion = 56;
	objects = {

/* Begin PBXBuildFile section */
		CE4A5AA02BBF637600223241 /* WatchScreen Watch App.app in Embed Watch Content */ = {isa = PBXBuildFile; fileRef = CE4A5A9F2BBF637600223241 /* WatchScreen Watch App.app */; settings = {ATTRIBUTES = (RemoveHeadersOnCopy, ); }; };
		CE4A5AA52BBF637600223241 /* WatchScreenApp.swift in Sources */ = {isa = PBXBuildFile; fileRef = CE4A5AA42BBF637600223241 /* WatchScreenApp.swift */; };
		CE4A5AA72BBF637600223241 /* ContentView.swift in Sources */ = {isa = PBXBuildFile; fileRef = CE4A5AA62BBF637600223241 /* ContentView.swift */; };
		CE4A5AA92BBF637700223241 /* Assets.xcassets in Resources */ = {isa = PBXBuildFile; fileRef = CE4A5AA82BBF637700223241 /* Assets.xcassets */; };
		CE4A5AAC2BBF637700223241 /* Preview Assets.xcassets in Resources */ = {isa = PBXBuildFile; fileRef = CE4A5AAB2BBF637700223241 /* Preview Assets.xcassets */; };
		CE4A5AB62BBF637700223241 /* WatchScreen_Watch_AppTests.swift in Sources */ = {isa = PBXBuildFile; fileRef = CE4A5AB52BBF637700223241 /* WatchScreen_Watch_AppTests.swift */; };
		CE4A5AC02BBF637700223241 /* WatchScreen_Watch_AppUITests.swift in Sources */ = {isa = PBXBuildFile; fileRef = CE4A5ABF2BBF637700223241 /* WatchScreen_Watch_AppUITests.swift */; };
		CE4A5AC22BBF637700223241 /* WatchScreen_Watch_AppUITestsLaunchTests.swift in Sources */ = {isa = PBXBuildFile; fileRef = CE4A5AC12BBF637700223241 /* WatchScreen_Watch_AppUITestsLaunchTests.swift */; };
		CE4A5AD32BBF67CF00223241 /* HealthWatcher.swift in Sources */ = {isa = PBXBuildFile; fileRef = CE4A5AD22BBF67CF00223241 /* HealthWatcher.swift */; };
/* End PBXBuildFile section */

/* Begin PBXContainerItemProxy section */
		CE4A5AA12BBF637600223241 /* PBXContainerItemProxy */ = {
			isa = PBXContainerItemProxy;
			containerPortal = CE4A5A932BBF637600223241 /* Project object */;
			proxyType = 1;
			remoteGlobalIDString = CE4A5A9E2BBF637600223241;
			remoteInfo = "WatchScreen Watch App";
		};
		CE4A5AB22BBF637700223241 /* PBXContainerItemProxy */ = {
			isa = PBXContainerItemProxy;
			containerPortal = CE4A5A932BBF637600223241 /* Project object */;
			proxyType = 1;
			remoteGlobalIDString = CE4A5A9E2BBF637600223241;
			remoteInfo = "WatchScreen Watch App";
		};
		CE4A5ABC2BBF637700223241 /* PBXContainerItemProxy */ = {
			isa = PBXContainerItemProxy;
			containerPortal = CE4A5A932BBF637600223241 /* Project object */;
			proxyType = 1;
			remoteGlobalIDString = CE4A5A9E2BBF637600223241;
			remoteInfo = "WatchScreen Watch App";
		};
/* End PBXContainerItemProxy section */

/* Begin PBXCopyFilesBuildPhase section */
		CE4A5AC82BBF637700223241 /* Embed Watch Content */ = {
			isa = PBXCopyFilesBuildPhase;
			buildActionMask = 2147483647;
			dstPath = "$(CONTENTS_FOLDER_PATH)/Watch";
			dstSubfolderSpec = 16;
			files = (
				CE4A5AA02BBF637600223241 /* WatchScreen Watch App.app in Embed Watch Content */,
			);
			name = "Embed Watch Content";
			runOnlyForDeploymentPostprocessing = 0;
		};
/* End PBXCopyFilesBuildPhase section */

/* Begin PBXFileReference section */
		CE4A5A992BBF637600223241 /* WatchScreen.app */ = {isa = PBXFileReference; explicitFileType = wrapper.application; includeInIndex = 0; path = WatchScreen.app; sourceTree = BUILT_PRODUCTS_DIR; };
		CE4A5A9F2BBF637600223241 /* WatchScreen Watch App.app */ = {isa = PBXFileReference; explicitFileType = wrapper.application; includeInIndex = 0; path = "WatchScreen Watch App.app"; sourceTree = BUILT_PRODUCTS_DIR; };
		CE4A5AA42BBF637600223241 /* WatchScreenApp.swift */ = {isa = PBXFileReference; lastKnownFileType = sourcecode.swift; path = WatchScreenApp.swift; sourceTree = "<group>"; };
		CE4A5AA62BBF637600223241 /* ContentView.swift */ = {isa = PBXFileReference; lastKnownFileType = sourcecode.swift; path = ContentView.swift; sourceTree = "<group>"; };
		CE4A5AA82BBF637700223241 /* Assets.xcassets */ = {isa = PBXFileReference; lastKnownFileType = folder.assetcatalog; path = Assets.xcassets; sourceTree = "<group>"; };
		CE4A5AAB2BBF637700223241 /* Preview Assets.xcassets */ = {isa = PBXFileReference; lastKnownFileType = folder.assetcatalog; path = "Preview Assets.xcassets"; sourceTree = "<group>"; };
		CE4A5AB12BBF637700223241 /* WatchScreen Watch AppTests.xctest */ = {isa = PBXFileReference; explicitFileType = wrapper.cfbundle; includeInIndex = 0; path = "WatchScreen Watch AppTests.xctest"; sourceTree = BUILT_PRODUCTS_DIR; };
		CE4A5AB52BBF637700223241 /* WatchScreen_Watch_AppTests.swift */ = {isa = PBXFileReference; lastKnownFileType = sourcecode.swift; path = WatchScreen_Watch_AppTests.swift; sourceTree = "<group>"; };
		CE4A5ABB2BBF637700223241 /* WatchScreen Watch AppUITests.xctest */ = {isa = PBXFileReference; explicitFileType = wrapper.cfbundle; includeInIndex = 0; path = "WatchScreen Watch AppUITests.xctest"; sourceTree = BUILT_PRODUCTS_DIR; };
		CE4A5ABF2BBF637700223241 /* WatchScreen_Watch_AppUITests.swift */ = {isa = PBXFileReference; lastKnownFileType = sourcecode.swift; path = WatchScreen_Watch_AppUITests.swift; sourceTree = "<group>"; };
		CE4A5AC12BBF637700223241 /* WatchScreen_Watch_AppUITestsLaunchTests.swift */ = {isa = PBXFileReference; lastKnownFileType = sourcecode.swift; path = WatchScreen_Watch_AppUITestsLaunchTests.swift; sourceTree = "<group>"; };
		CE4A5AD22BBF67CF00223241 /* HealthWatcher.swift */ = {isa = PBXFileReference; lastKnownFileType = sourcecode.swift; path = HealthWatcher.swift; sourceTree = "<group>"; };
/* End PBXFileReference section */

/* Begin PBXFrameworksBuildPhase section */
		CE4A5A9C2BBF637600223241 /* Frameworks */ = {
			isa = PBXFrameworksBuildPhase;
			buildActionMask = 2147483647;
			files = (
			);
			runOnlyForDeploymentPostprocessing = 0;
		};
		CE4A5AAE2BBF637700223241 /* Frameworks */ = {
			isa = PBXFrameworksBuildPhase;
			buildActionMask = 2147483647;
			files = (
			);
			runOnlyForDeploymentPostprocessing = 0;
		};
		CE4A5AB82BBF637700223241 /* Frameworks */ = {
			isa = PBXFrameworksBuildPhase;
			buildActionMask = 2147483647;
			files = (
			);
			runOnlyForDeploymentPostprocessing = 0;
		};
/* End PBXFrameworksBuildPhase section */

/* Begin PBXGroup section */
		CE4A5A922BBF637600223241 = {
			isa = PBXGroup;
			children = (
				CE4A5AA32BBF637600223241 /* WatchScreen Watch App */,
				CE4A5AB42BBF637700223241 /* WatchScreen Watch AppTests */,
				CE4A5ABE2BBF637700223241 /* WatchScreen Watch AppUITests */,
				CE4A5A9A2BBF637600223241 /* Products */,
			);
			sourceTree = "<group>";
		};
		CE4A5A9A2BBF637600223241 /* Products */ = {
			isa = PBXGroup;
			children = (
				CE4A5A992BBF637600223241 /* WatchScreen.app */,
				CE4A5A9F2BBF637600223241 /* WatchScreen Watch App.app */,
				CE4A5AB12BBF637700223241 /* WatchScreen Watch AppTests.xctest */,
				CE4A5ABB2BBF637700223241 /* WatchScreen Watch AppUITests.xctest */,
			);
			name = Products;
			sourceTree = "<group>";
		};
		CE4A5AA32BBF637600223241 /* WatchScreen Watch App */ = {
			isa = PBXGroup;
			children = (
				CE4A5AA42BBF637600223241 /* WatchScreenApp.swift */,
				CE4A5AA62BBF637600223241 /* ContentView.swift */,
				CE4A5AD22BBF67CF00223241 /* HealthWatcher.swift */,
				CE4A5AA82BBF637700223241 /* Assets.xcassets */,
				CE4A5AAA2BBF637700223241 /* Preview Content */,
			);
			path = "WatchScreen Watch App";
			sourceTree = "<group>";
		};
		CE4A5AAA2BBF637700223241 /* Preview Content */ = {
			isa = PBXGroup;
			children = (
				CE4A5AAB2BBF637700223241 /* Preview Assets.xcassets */,
			);
			path = "Preview Content";
			sourceTree = "<group>";
		};
		CE4A5AB42BBF637700223241 /* WatchScreen Watch AppTests */ = {
			isa = PBXGroup;
			children = (
				CE4A5AB52BBF637700223241 /* WatchScreen_Watch_AppTests.swift */,
			);
			path = "WatchScreen Watch AppTests";
			sourceTree = "<group>";
		};
		CE4A5ABE2BBF637700223241 /* WatchScreen Watch AppUITests */ = {
			isa = PBXGroup;
			children = (
				CE4A5ABF2BBF637700223241 /* WatchScreen_Watch_AppUITests.swift */,
				CE4A5AC12BBF637700223241 /* WatchScreen_Watch_AppUITestsLaunchTests.swift */,
			);
			path = "WatchScreen Watch AppUITests";
			sourceTree = "<group>";
		};
/* End PBXGroup section */

/* Begin PBXNativeTarget section */
		CE4A5A982BBF637600223241 /* WatchScreen */ = {
			isa = PBXNativeTarget;
			buildConfigurationList = CE4A5AC92BBF637700223241 /* Build configuration list for PBXNativeTarget "WatchScreen" */;
			buildPhases = (
				CE4A5A972BBF637600223241 /* Resources */,
				CE4A5AC82BBF637700223241 /* Embed Watch Content */,
			);
			buildRules = (
			);
			dependencies = (
				CE4A5AA22BBF637600223241 /* PBXTargetDependency */,
			);
			name = WatchScreen;
			productName = WatchScreen;
			productReference = CE4A5A992BBF637600223241 /* WatchScreen.app */;
			productType = "com.apple.product-type.application.watchapp2-container";
		};
		CE4A5A9E2BBF637600223241 /* WatchScreen Watch App */ = {
			isa = PBXNativeTarget;
			buildConfigurationList = CE4A5AC52BBF637700223241 /* Build configuration list for PBXNativeTarget "WatchScreen Watch App" */;
			buildPhases = (
				CE4A5A9B2BBF637600223241 /* Sources */,
				CE4A5A9C2BBF637600223241 /* Frameworks */,
				CE4A5A9D2BBF637600223241 /* Resources */,
			);
			buildRules = (
			);
			dependencies = (
			);
			name = "WatchScreen Watch App";
			productName = "WatchScreen Watch App";
			productReference = CE4A5A9F2BBF637600223241 /* WatchScreen Watch App.app */;
			productType = "com.apple.product-type.application";
		};
		CE4A5AB02BBF637700223241 /* WatchScreen Watch AppTests */ = {
			isa = PBXNativeTarget;
			buildConfigurationList = CE4A5ACC2BBF637700223241 /* Build configuration list for PBXNativeTarget "WatchScreen Watch AppTests" */;
			buildPhases = (
				CE4A5AAD2BBF637700223241 /* Sources */,
				CE4A5AAE2BBF637700223241 /* Frameworks */,
				CE4A5AAF2BBF637700223241 /* Resources */,
			);
			buildRules = (
			);
			dependencies = (
				CE4A5AB32BBF637700223241 /* PBXTargetDependency */,
			);
			name = "WatchScreen Watch AppTests";
			productName = "WatchScreen Watch AppTests";
			productReference = CE4A5AB12BBF637700223241 /* WatchScreen Watch AppTests.xctest */;
			productType = "com.apple.product-type.bundle.unit-test";
		};
		CE4A5ABA2BBF637700223241 /* WatchScreen Watch AppUITests */ = {
			isa = PBXNativeTarget;
			buildConfigurationList = CE4A5ACF2BBF637700223241 /* Build configuration list for PBXNativeTarget "WatchScreen Watch AppUITests" */;
			buildPhases = (
				CE4A5AB72BBF637700223241 /* Sources */,
				CE4A5AB82BBF637700223241 /* Frameworks */,
				CE4A5AB92BBF637700223241 /* Resources */,
			);
			buildRules = (
			);
			dependencies = (
				CE4A5ABD2BBF637700223241 /* PBXTargetDependency */,
			);
			name = "WatchScreen Watch AppUITests";
			productName = "WatchScreen Watch AppUITests";
			productReference = CE4A5ABB2BBF637700223241 /* WatchScreen Watch AppUITests.xctest */;
			productType = "com.apple.product-type.bundle.ui-testing";
		};
/* End PBXNativeTarget section */

/* Begin PBXProject section */
		CE4A5A932BBF637600223241 /* Project object */ = {
			isa = PBXProject;
			attributes = {
				BuildIndependentTargetsInParallel = 1;
				LastSwiftUpdateCheck = 1530;
				LastUpgradeCheck = 1530;
				TargetAttributes = {
					CE4A5A982BBF637600223241 = {
						CreatedOnToolsVersion = 15.3;
					};
					CE4A5A9E2BBF637600223241 = {
						CreatedOnToolsVersion = 15.3;
					};
					CE4A5AB02BBF637700223241 = {
						CreatedOnToolsVersion = 15.3;
						TestTargetID = CE4A5A9E2BBF637600223241;
					};
					CE4A5ABA2BBF637700223241 = {
						CreatedOnToolsVersion = 15.3;
						TestTargetID = CE4A5A9E2BBF637600223241;
					};
				};
			};
			buildConfigurationList = CE4A5A962BBF637600223241 /* Build configuration list for PBXProject "WatchScreen" */;
			compatibilityVersion = "Xcode 14.0";
			developmentRegion = en;
			hasScannedForEncodings = 0;
			knownRegions = (
				en,
				Base,
			);
			mainGroup = CE4A5A922BBF637600223241;
			productRefGroup = CE4A5A9A2BBF637600223241 /* Products */;
			projectDirPath = "";
			projectRoot = "";
			targets = (
				CE4A5A982BBF637600223241 /* WatchScreen */,
				CE4A5A9E2BBF637600223241 /* WatchScreen Watch App */,
				CE4A5AB02BBF637700223241 /* WatchScreen Watch AppTests */,
				CE4A5ABA2BBF637700223241 /* WatchScreen Watch AppUITests */,
			);
		};
/* End PBXProject section */

/* Begin PBXResourcesBuildPhase section */
		CE4A5A972BBF637600223241 /* Resources */ = {
			isa = PBXResourcesBuildPhase;
			buildActionMask = 2147483647;
			files = (
			);
			runOnlyForDeploymentPostprocessing = 0;
		};
		CE4A5A9D2BBF637600223241 /* Resources */ = {
			isa = PBXResourcesBuildPhase;
			buildActionMask = 2147483647;
			files = (
				CE4A5AAC2BBF637700223241 /* Preview Assets.xcassets in Resources */,
				CE4A5AA92BBF637700223241 /* Assets.xcassets in Resources */,
			);
			runOnlyForDeploymentPostprocessing = 0;
		};
		CE4A5AAF2BBF637700223241 /* Resources */ = {
			isa = PBXResourcesBuildPhase;
			buildActionMask = 2147483647;
			files = (
			);
			runOnlyForDeploymentPostprocessing = 0;
		};
		CE4A5AB92BBF637700223241 /* Resources */ = {
			isa = PBXResourcesBuildPhase;
			buildActionMask = 2147483647;
			files = (
			);
			runOnlyForDeploymentPostprocessing = 0;
		};
/* End PBXResourcesBuildPhase section */

/* Begin PBXSourcesBuildPhase section */
		CE4A5A9B2BBF637600223241 /* Sources */ = {
			isa = PBXSourcesBuildPhase;
			buildActionMask = 2147483647;
			files = (
				CE4A5AA72BBF637600223241 /* ContentView.swift in Sources */,
				CE4A5AD32BBF67CF00223241 /* HealthWatcher.swift in Sources */,
				CE4A5AA52BBF637600223241 /* WatchScreenApp.swift in Sources */,
			);
			runOnlyForDeploymentPostprocessing = 0;
		};
		CE4A5AAD2BBF637700223241 /* Sources */ = {
			isa = PBXSourcesBuildPhase;
			buildActionMask = 2147483647;
			files = (
				CE4A5AB62BBF637700223241 /* WatchScreen_Watch_AppTests.swift in Sources */,
			);
			runOnlyForDeploymentPostprocessing = 0;
		};
		CE4A5AB72BBF637700223241 /* Sources */ = {
			isa = PBXSourcesBuildPhase;
			buildActionMask = 2147483647;
			files = (
				CE4A5AC22BBF637700223241 /* WatchScreen_Watch_AppUITestsLaunchTests.swift in Sources */,
				CE4A5AC02BBF637700223241 /* WatchScreen_Watch_AppUITests.swift in Sources */,
			);
			runOnlyForDeploymentPostprocessing = 0;
		};
/* End PBXSourcesBuildPhase section */

/* Begin PBXTargetDependency section */
		CE4A5AA22BBF637600223241 /* PBXTargetDependency */ = {
			isa = PBXTargetDependency;
			target = CE4A5A9E2BBF637600223241 /* WatchScreen Watch App */;
			targetProxy = CE4A5AA12BBF637600223241 /* PBXContainerItemProxy */;
		};
		CE4A5AB32BBF637700223241 /* PBXTargetDependency */ = {
			isa = PBXTargetDependency;
			target = CE4A5A9E2BBF637600223241 /* WatchScreen Watch App */;
			targetProxy = CE4A5AB22BBF637700223241 /* PBXContainerItemProxy */;
		};
		CE4A5ABD2BBF637700223241 /* PBXTargetDependency */ = {
			isa = PBXTargetDependency;
			target = CE4A5A9E2BBF637600223241 /* WatchScreen Watch App */;
			targetProxy = CE4A5ABC2BBF637700223241 /* PBXContainerItemProxy */;
		};
/* End PBXTargetDependency section */

/* Begin XCBuildConfiguration section */
		CE4A5AC32BBF637700223241 /* Debug */ = {
			isa = XCBuildConfiguration;
			buildSettings = {
				ALWAYS_SEARCH_USER_PATHS = NO;
				ASSETCATALOG_COMPILER_GENERATE_SWIFT_ASSET_SYMBOL_EXTENSIONS = YES;
				CLANG_ANALYZER_NONNULL = YES;
				CLANG_ANALYZER_NUMBER_OBJECT_CONVERSION = YES_AGGRESSIVE;
				CLANG_CXX_LANGUAGE_STANDARD = "gnu++20";
				CLANG_ENABLE_MODULES = YES;
				CLANG_ENABLE_OBJC_ARC = YES;
				CLANG_ENABLE_OBJC_WEAK = YES;
				CLANG_WARN_BLOCK_CAPTURE_AUTORELEASING = YES;
				CLANG_WARN_BOOL_CONVERSION = YES;
				CLANG_WARN_COMMA = YES;
				CLANG_WARN_CONSTANT_CONVERSION = YES;
				CLANG_WARN_DEPRECATED_OBJC_IMPLEMENTATIONS = YES;
				CLANG_WARN_DIRECT_OBJC_ISA_USAGE = YES_ERROR;
				CLANG_WARN_DOCUMENTATION_COMMENTS = YES;
				CLANG_WARN_EMPTY_BODY = YES;
				CLANG_WARN_ENUM_CONVERSION = YES;
				CLANG_WARN_INFINITE_RECURSION = YES;
				CLANG_WARN_INT_CONVERSION = YES;
				CLANG_WARN_NON_LITERAL_NULL_CONVERSION = YES;
				CLANG_WARN_OBJC_IMPLICIT_RETAIN_SELF = YES;
				CLANG_WARN_OBJC_LITERAL_CONVERSION = YES;
				CLANG_WARN_OBJC_ROOT_CLASS = YES_ERROR;
				CLANG_WARN_QUOTED_INCLUDE_IN_FRAMEWORK_HEADER = YES;
				CLANG_WARN_RANGE_LOOP_ANALYSIS = YES;
				CLANG_WARN_STRICT_PROTOTYPES = YES;
				CLANG_WARN_SUSPICIOUS_MOVE = YES;
				CLANG_WARN_UNGUARDED_AVAILABILITY = YES_AGGRESSIVE;
				CLANG_WARN_UNREACHABLE_CODE = YES;
				CLANG_WARN__DUPLICATE_METHOD_MATCH = YES;
				COPY_PHASE_STRIP = NO;
				DEBUG_INFORMATION_FORMAT = dwarf;
				ENABLE_STRICT_OBJC_MSGSEND = YES;
				ENABLE_TESTABILITY = YES;
				ENABLE_USER_SCRIPT_SANDBOXING = YES;
				GCC_C_LANGUAGE_STANDARD = gnu17;
				GCC_DYNAMIC_NO_PIC = NO;
				GCC_NO_COMMON_BLOCKS = YES;
				GCC_OPTIMIZATION_LEVEL = 0;
				GCC_PREPROCESSOR_DEFINITIONS = (
					"DEBUG=1",
					"$(inherited)",
				);
				GCC_WARN_64_TO_32_BIT_CONVERSION = YES;
				GCC_WARN_ABOUT_RETURN_TYPE = YES_ERROR;
				GCC_WARN_UNDECLARED_SELECTOR = YES;
				GCC_WARN_UNINITIALIZED_AUTOS = YES_AGGRESSIVE;
				GCC_WARN_UNUSED_FUNCTION = YES;
				GCC_WARN_UNUSED_VARIABLE = YES;
				LOCALIZATION_PREFERS_STRING_CATALOGS = YES;
				MTL_ENABLE_DEBUG_INFO = INCLUDE_SOURCE;
				MTL_FAST_MATH = YES;
				ONLY_ACTIVE_ARCH = YES;
				SWIFT_ACTIVE_COMPILATION_CONDITIONS = "DEBUG $(inherited)";
				SWIFT_OPTIMIZATION_LEVEL = "-Onone";
			};
			name = Debug;
		};
		CE4A5AC42BBF637700223241 /* Release */ = {
			isa = XCBuildConfiguration;
			buildSettings = {
				ALWAYS_SEARCH_USER_PATHS = NO;
				ASSETCATALOG_COMPILER_GENERATE_SWIFT_ASSET_SYMBOL_EXTENSIONS = YES;
				CLANG_ANALYZER_NONNULL = YES;
				CLANG_ANALYZER_NUMBER_OBJECT_CONVERSION = YES_AGGRESSIVE;
				CLANG_CXX_LANGUAGE_STANDARD = "gnu++20";
				CLANG_ENABLE_MODULES = YES;
				CLANG_ENABLE_OBJC_ARC = YES;
				CLANG_ENABLE_OBJC_WEAK = YES;
				CLANG_WARN_BLOCK_CAPTURE_AUTORELEASING = YES;
				CLANG_WARN_BOOL_CONVERSION = YES;
				CLANG_WARN_COMMA = YES;
				CLANG_WARN_CONSTANT_CONVERSION = YES;
				CLANG_WARN_DEPRECATED_OBJC_IMPLEMENTATIONS = YES;
				CLANG_WARN_DIRECT_OBJC_ISA_USAGE = YES_ERROR;
				CLANG_WARN_DOCUMENTATION_COMMENTS = YES;
				CLANG_WARN_EMPTY_BODY = YES;
				CLANG_WARN_ENUM_CONVERSION = YES;
				CLANG_WARN_INFINITE_RECURSION = YES;
				CLANG_WARN_INT_CONVERSION = YES;
				CLANG_WARN_NON_LITERAL_NULL_CONVERSION = YES;
				CLANG_WARN_OBJC_IMPLICIT_RETAIN_SELF = YES;
				CLANG_WARN_OBJC_LITERAL_CONVERSION = YES;
				CLANG_WARN_OBJC_ROOT_CLASS = YES_ERROR;
				CLANG_WARN_QUOTED_INCLUDE_IN_FRAMEWORK_HEADER = YES;
				CLANG_WARN_RANGE_LOOP_ANALYSIS = YES;
				CLANG_WARN_STRICT_PROTOTYPES = YES;
				CLANG_WARN_SUSPICIOUS_MOVE = YES;
				CLANG_WARN_UNGUARDED_AVAILABILITY = YES_AGGRESSIVE;
				CLANG_WARN_UNREACHABLE_CODE = YES;
				CLANG_WARN__DUPLICATE_METHOD_MATCH = YES;
				COPY_PHASE_STRIP = NO;
				DEBUG_INFORMATION_FORMAT = "dwarf-with-dsym";
				ENABLE_NS_ASSERTIONS = NO;
				ENABLE_STRICT_OBJC_MSGSEND = YES;
				ENABLE_USER_SCRIPT_SANDBOXING = YES;
				GCC_C_LANGUAGE_STANDARD = gnu17;
				GCC_NO_COMMON_BLOCKS = YES;
				GCC_WARN_64_TO_32_BIT_CONVERSION = YES;
				GCC_WARN_ABOUT_RETURN_TYPE = YES_ERROR;
				GCC_WARN_UNDECLARED_SELECTOR = YES;
				GCC_WARN_UNINITIALIZED_AUTOS = YES_AGGRESSIVE;
				GCC_WARN_UNUSED_FUNCTION = YES;
				GCC_WARN_UNUSED_VARIABLE = YES;
				LOCALIZATION_PREFERS_STRING_CATALOGS = YES;
				MTL_ENABLE_DEBUG_INFO = NO;
				MTL_FAST_MATH = YES;
				SWIFT_COMPILATION_MODE = wholemodule;
			};
			name = Release;
		};
		CE4A5AC62BBF637700223241 /* Debug */ = {
			isa = XCBuildConfiguration;
			buildSettings = {
				ASSETCATALOG_COMPILER_APPICON_NAME = AppIcon;
				ASSETCATALOG_COMPILER_GLOBAL_ACCENT_COLOR_NAME = AccentColor;
				CODE_SIGN_STYLE = Automatic;
				CURRENT_PROJECT_VERSION = 1;
				DEVELOPMENT_ASSET_PATHS = "\"WatchScreen Watch App/Preview Content\"";
				DEVELOPMENT_TEAM = 3W967WYKZ3;
				ENABLE_PREVIEWS = YES;
				GENERATE_INFOPLIST_FILE = YES;
				INFOPLIST_KEY_CFBundleDisplayName = WatchScreen;
				INFOPLIST_KEY_UISupportedInterfaceOrientations = "UIInterfaceOrientationPortrait UIInterfaceOrientationPortraitUpsideDown";
				INFOPLIST_KEY_WKWatchOnly = YES;
				LD_RUNPATH_SEARCH_PATHS = (
					"$(inherited)",
					"@executable_path/Frameworks",
				);
				MARKETING_VERSION = 1.0;
				PRODUCT_BUNDLE_IDENTIFIER = Braeden.WatchScreen.watchkitapp;
				PRODUCT_NAME = "$(TARGET_NAME)";
				SDKROOT = watchos;
				SKIP_INSTALL = YES;
				SWIFT_EMIT_LOC_STRINGS = YES;
				SWIFT_VERSION = 5.0;
				TARGETED_DEVICE_FAMILY = 4;
				WATCHOS_DEPLOYMENT_TARGET = 10.4;
			};
			name = Debug;
		};
		CE4A5AC72BBF637700223241 /* Release */ = {
			isa = XCBuildConfiguration;
			buildSettings = {
				ASSETCATALOG_COMPILER_APPICON_NAME = AppIcon;
				ASSETCATALOG_COMPILER_GLOBAL_ACCENT_COLOR_NAME = AccentColor;
				CODE_SIGN_STYLE = Automatic;
				CURRENT_PROJECT_VERSION = 1;
				DEVELOPMENT_ASSET_PATHS = "\"WatchScreen Watch App/Preview Content\"";
				DEVELOPMENT_TEAM = 3W967WYKZ3;
				ENABLE_PREVIEWS = YES;
				GENERATE_INFOPLIST_FILE = YES;
				INFOPLIST_KEY_CFBundleDisplayName = WatchScreen;
				INFOPLIST_KEY_UISupportedInterfaceOrientations = "UIInterfaceOrientationPortrait UIInterfaceOrientationPortraitUpsideDown";
				INFOPLIST_KEY_WKWatchOnly = YES;
				LD_RUNPATH_SEARCH_PATHS = (
					"$(inherited)",
					"@executable_path/Frameworks",
				);
				MARKETING_VERSION = 1.0;
				PRODUCT_BUNDLE_IDENTIFIER = Braeden.WatchScreen.watchkitapp;
				PRODUCT_NAME = "$(TARGET_NAME)";
				SDKROOT = watchos;
				SKIP_INSTALL = YES;
				SWIFT_EMIT_LOC_STRINGS = YES;
				SWIFT_VERSION = 5.0;
				TARGETED_DEVICE_FAMILY = 4;
				VALIDATE_PRODUCT = YES;
				WATCHOS_DEPLOYMENT_TARGET = 10.4;
			};
			name = Release;
		};
		CE4A5ACA2BBF637700223241 /* Debug */ = {
			isa = XCBuildConfiguration;
			buildSettings = {
				ALWAYS_EMBED_SWIFT_STANDARD_LIBRARIES = YES;
				CODE_SIGN_STYLE = Automatic;
				CURRENT_PROJECT_VERSION = 1;
				DEVELOPMENT_TEAM = 3W967WYKZ3;
				INFOPLIST_KEY_CFBundleDisplayName = WatchScreen;
				MARKETING_VERSION = 1.0;
				PRODUCT_BUNDLE_IDENTIFIER = Braeden.WatchScreen;
				PRODUCT_NAME = "$(TARGET_NAME)";
				SDKROOT = iphoneos;
				SWIFT_VERSION = 5.0;
			};
			name = Debug;
		};
		CE4A5ACB2BBF637700223241 /* Release */ = {
			isa = XCBuildConfiguration;
			buildSettings = {
				ALWAYS_EMBED_SWIFT_STANDARD_LIBRARIES = YES;
				CODE_SIGN_STYLE = Automatic;
				CURRENT_PROJECT_VERSION = 1;
				DEVELOPMENT_TEAM = 3W967WYKZ3;
				INFOPLIST_KEY_CFBundleDisplayName = WatchScreen;
				MARKETING_VERSION = 1.0;
				PRODUCT_BUNDLE_IDENTIFIER = Braeden.WatchScreen;
				PRODUCT_NAME = "$(TARGET_NAME)";
				SDKROOT = iphoneos;
				SWIFT_VERSION = 5.0;
				VALIDATE_PRODUCT = YES;
			};
			name = Release;
		};
		CE4A5ACD2BBF637700223241 /* Debug */ = {
			isa = XCBuildConfiguration;
			buildSettings = {
				ALWAYS_EMBED_SWIFT_STANDARD_LIBRARIES = YES;
				BUNDLE_LOADER = "$(TEST_HOST)";
				CODE_SIGN_STYLE = Automatic;
				CURRENT_PROJECT_VERSION = 1;
				DEVELOPMENT_TEAM = 3W967WYKZ3;
				GENERATE_INFOPLIST_FILE = YES;
				MARKETING_VERSION = 1.0;
				PRODUCT_BUNDLE_IDENTIFIER = "Braeden.WatchScreen-Watch-AppTests";
				PRODUCT_NAME = "$(TARGET_NAME)";
				SDKROOT = watchos;
				SWIFT_EMIT_LOC_STRINGS = NO;
				SWIFT_VERSION = 5.0;
				TARGETED_DEVICE_FAMILY = 4;
				TEST_HOST = "$(BUILT_PRODUCTS_DIR)/WatchScreen Watch App.app/$(BUNDLE_EXECUTABLE_FOLDER_PATH)/WatchScreen Watch App";
				WATCHOS_DEPLOYMENT_TARGET = 10.4;
			};
			name = Debug;
		};
		CE4A5ACE2BBF637700223241 /* Release */ = {
			isa = XCBuildConfiguration;
			buildSettings = {
				ALWAYS_EMBED_SWIFT_STANDARD_LIBRARIES = YES;
				BUNDLE_LOADER = "$(TEST_HOST)";
				CODE_SIGN_STYLE = Automatic;
				CURRENT_PROJECT_VERSION = 1;
				DEVELOPMENT_TEAM = 3W967WYKZ3;
				GENERATE_INFOPLIST_FILE = YES;
				MARKETING_VERSION = 1.0;
				PRODUCT_BUNDLE_IDENTIFIER = "Braeden.WatchScreen-Watch-AppTests";
				PRODUCT_NAME = "$(TARGET_NAME)";
				SDKROOT = watchos;
				SWIFT_EMIT_LOC_STRINGS = NO;
				SWIFT_VERSION = 5.0;
				TARGETED_DEVICE_FAMILY = 4;
				TEST_HOST = "$(BUILT_PRODUCTS_DIR)/WatchScreen Watch App.app/$(BUNDLE_EXECUTABLE_FOLDER_PATH)/WatchScreen Watch App";
				VALIDATE_PRODUCT = YES;
				WATCHOS_DEPLOYMENT_TARGET = 10.4;
			};
			name = Release;
		};
		CE4A5AD02BBF637700223241 /* Debug */ = {
			isa = XCBuildConfiguration;
			buildSettings = {
				ALWAYS_EMBED_SWIFT_STANDARD_LIBRARIES = YES;
				CODE_SIGN_STYLE = Automatic;
				CURRENT_PROJECT_VERSION = 1;
				DEVELOPMENT_TEAM = 3W967WYKZ3;
				GENERATE_INFOPLIST_FILE = YES;
				MARKETING_VERSION = 1.0;
				PRODUCT_BUNDLE_IDENTIFIER = "Braeden.WatchScreen-Watch-AppUITests";
				PRODUCT_NAME = "$(TARGET_NAME)";
				SDKROOT = watchos;
				SWIFT_EMIT_LOC_STRINGS = NO;
				SWIFT_VERSION = 5.0;
				TARGETED_DEVICE_FAMILY = 4;
				TEST_TARGET_NAME = "WatchScreen Watch App";
				WATCHOS_DEPLOYMENT_TARGET = 10.4;
			};
			name = Debug;
		};
		CE4A5AD12BBF637700223241 /* Release */ = {
			isa = XCBuildConfiguration;
			buildSettings = {
				ALWAYS_EMBED_SWIFT_STANDARD_LIBRARIES = YES;
				CODE_SIGN_STYLE = Automatic;
				CURRENT_PROJECT_VERSION = 1;
				DEVELOPMENT_TEAM = 3W967WYKZ3;
				GENERATE_INFOPLIST_FILE = YES;
				MARKETING_VERSION = 1.0;
				PRODUCT_BUNDLE_IDENTIFIER = "Braeden.WatchScreen-Watch-AppUITests";
				PRODUCT_NAME = "$(TARGET_NAME)";
				SDKROOT = watchos;
				SWIFT_EMIT_LOC_STRINGS = NO;
				SWIFT_VERSION = 5.0;
				TARGETED_DEVICE_FAMILY = 4;
				TEST_TARGET_NAME = "WatchScreen Watch App";
				VALIDATE_PRODUCT = YES;
				WATCHOS_DEPLOYMENT_TARGET = 10.4;
			};
			name = Release;
		};
/* End XCBuildConfiguration section */

/* Begin XCConfigurationList section */
		CE4A5A962BBF637600223241 /* Build configuration list for PBXProject "WatchScreen" */ = {
			isa = XCConfigurationList;
			buildConfigurations = (
				CE4A5AC32BBF637700223241 /* Debug */,
				CE4A5AC42BBF637700223241 /* Release */,
			);
			defaultConfigurationIsVisible = 0;
			defaultConfigurationName = Release;
		};
		CE4A5AC52BBF637700223241 /* Build configuration list for PBXNativeTarget "WatchScreen Watch App" */ = {
			isa = XCConfigurationList;
			buildConfigurations = (
				CE4A5AC62BBF637700223241 /* Debug */,
				CE4A5AC72BBF637700223241 /* Release */,
			);
			defaultConfigurationIsVisible = 0;
			defaultConfigurationName = Release;
		};
		CE4A5AC92BBF637700223241 /* Build configuration list for PBXNativeTarget "WatchScreen" */ = {
			isa = XCConfigurationList;
			buildConfigurations = (
				CE4A5ACA2BBF637700223241 /* Debug */,
				CE4A5ACB2BBF637700223241 /* Release */,
			);
			defaultConfigurationIsVisible = 0;
			defaultConfigurationName = Release;
		};
		CE4A5ACC2BBF637700223241 /* Build configuration list for PBXNativeTarget "WatchScreen Watch AppTests" */ = {
			isa = XCConfigurationList;
			buildConfigurations = (
				CE4A5ACD2BBF637700223241 /* Debug */,
				CE4A5ACE2BBF637700223241 /* Release */,
			);
			defaultConfigurationIsVisible = 0;
			defaultConfigurationName = Release;
		};
		CE4A5ACF2BBF637700223241 /* Build configuration list for PBXNativeTarget "WatchScreen Watch AppUITests" */ = {
			isa = XCConfigurationList;
			buildConfigurations = (
				CE4A5AD02BBF637700223241 /* Debug */,
				CE4A5AD12BBF637700223241 /* Release */,
			);
			defaultConfigurationIsVisible = 0;
			defaultConfigurationName = Release;
		};
/* End XCConfigurationList section */
	};
	rootObject = CE4A5A932BBF637600223241 /* Project object */;
}
